<?xml version="1.0" encoding="utf-8"?>
<Project ToolsVersion="4.0" xmlns="http://schemas.microsoft.com/developer/msbuild/2003">
  <ItemGroup>
    <Filter Include="Source Files">
      <UniqueIdentifier>{4FC737F1-C7A5-4376-A066-2A32D752A2FF}</UniqueIdentifier>
      <Extensions>cpp;c;cc;cxx;c++;cppm;ixx;def;odl;idl;hpj;bat;asm;asmx</Extensions>
    </Filter>
    <Filter Include="Header Files">
      <UniqueIdentifier>{93995380-89BD-4b04-88EB-625FBE52EBFB}</UniqueIdentifier>
      <Extensions>h;hh;hpp;hxx;h++;hm;inl;inc;ipp;xsd</Extensions>
    </Filter>
    <Filter Include="Resource Files">
      <UniqueIdentifier>{67DA6AB6-F800-4c08-8B7A-83BB121AAD01}</UniqueIdentifier>
      <Extensions>rc;ico;cur;bmp;dlg;rc2;rct;bin;rgs;gif;jpg;jpeg;jpe;resx;tiff;tif;png;wav;mfcribbon-ms</Extensions>
    </Filter>
  </ItemGroup>
  <ItemGroup>
    <ClCompile Include="Tasks.cpp">
      <Filter>Source Files</Filter>
    </ClCompile>
    <ClCompile Include="HelloWorld.cpp">
      <Filter>Source Files</Filter>
    </ClCompile>
    <ClCompile Include="EvenNumbers.cpp">
      <Filter>Source Files</Filter>
    </ClCompile>
    <ClCompile Include="NumberSign.cpp">
      <Filter>Source Files</Filter>
    </ClCompile>
    <ClCompile Include="PurchaseValue.cpp">
      <Filter>Source Files</Filter>
    </ClCompile>
    <ClCompile Include="LastDigit.cpp">
      <Filter>Source Files</Filter>
    </ClCompile>
    <ClCompile Include="Apples.cpp">
      <Filter>Source Files</Filter>
    </ClCompile>
    <ClCompile Include="SquareOrPerimeter.cpp">
      <Filter>Source Files</Filter>
    </ClCompile>
    <ClCompile Include="MaxAndMin.cpp">
      <Filter>Source Files</Filter>
    </ClCompile>
    <ClCompile Include="IntegrityCheck.cpp">
      <Filter>Source Files</Filter>
    </ClCompile>
    <ClCompile Include="OddAndNegativeDigits.cpp">
      <Filter>Source Files</Filter>
    </ClCompile>
    <ClCompile Include="ThreeDigitsNumber.cpp">
      <Filter>Source Files</Filter>
    </ClCompile>
    <ClCompile Include="EvenAndPositive.cpp">
      <Filter>Source Files</Filter>
    </ClCompile>
    <ClCompile Include="DifDigitsInTwoDigitsNumber.cpp">
      <Filter>Source Files</Filter>
    </ClCompile>
    <ClCompile Include="DifDigitsInThreeDigNumber.cpp">
      <Filter>Source Files</Filter>
    </ClCompile>
    <ClCompile Include="MaxAndMinInArray.cpp">
      <Filter>Source Files</Filter>
    </ClCompile>
    <ClCompile Include="WeekDays.cpp">
      <Filter>Source Files</Filter>
    </ClCompile>
    <ClCompile Include="FirstOddDigits.cpp">
      <Filter>Source Files</Filter>
    </ClCompile>
    <ClCompile Include="Sequence.cpp">
      <Filter>Source Files</Filter>
    </ClCompile>
    <ClCompile Include="PlusMinusSequence.cpp">
      <Filter>Source Files</Filter>
    </ClCompile>
    <ClCompile Include="BiggerThanNeighbours.cpp">
      <Filter>Source Files</Filter>
    </ClCompile>
    <ClCompile Include="MaxMinSum.cpp">
      <Filter>Source Files</Filter>
    </ClCompile>
    <ClCompile Include="Average.cpp">
      <Filter>Source Files</Filter>
    </ClCompile>
    <ClCompile Include="Average2.cpp">
      <Filter>Source Files</Filter>
    </ClCompile>
    <ClCompile Include="Eratosthenes.cpp">
      <Filter>Source Files</Filter>
    </ClCompile>
    <ClCompile Include="UniqueElementsQuantity.cpp">
      <Filter>Source Files</Filter>
    </ClCompile>
    <ClCompile Include="UniqueElemQuantity2.cpp">
      <Filter>Source Files</Filter>
    </ClCompile>
    <ClCompile Include="DifMinMaxSumOfDigs.cpp">
      <Filter>Source Files</Filter>
    </ClCompile>
    <ClCompile Include="EvenElem.cpp">
      <Filter>Source Files</Filter>
    </ClCompile>
    <ClCompile Include="SumInRange.cpp">
      <Filter>Source Files</Filter>
    </ClCompile>
    <ClCompile Include="EvenElemsSeq.cpp">
      <Filter>Source Files</Filter>
    </ClCompile>
    <ClCompile Include="SumOfDigs.cpp">
      <Filter>Source Files</Filter>
    </ClCompile>
    <ClCompile Include="BiggerThanPrevious.cpp">
      <Filter>Source Files</Filter>
    </ClCompile>
    <ClCompile Include="ElemsWithSameDigs.cpp">
      <Filter>Source Files</Filter>
    </ClCompile>
    <ClCompile Include="SumBtwMaxMin.cpp">
      <Filter>Source Files</Filter>
    </ClCompile>
    <ClCompile Include="PrintStarSquare.cpp">
      <Filter>Source Files</Filter>
    </ClCompile>
  </ItemGroup>
</Project>